
Microsoft Visual Studio Solution File, Format Version 12.00
# Visual Studio Version 16
VisualStudioVersion = 16.0.31005.135
MinimumVisualStudioVersion = 10.0.40219.1
Project("{FAE04EC0-301F-11D3-BF4B-00C04F79EFBC}") = "DavidDiscordBot", "DavidDiscordBot\DavidDiscordBot.csproj", "{F243C2FE-BE15-4EEE-B820-40B9FA47751F}"
EndProject
Global
	GlobalSection(SolutionConfigurationPlatforms) = preSolution
		Debug|Any CPU = Debug|Any CPU
		Release|Any CPU = Release|Any CPU
	EndGlobalSection
	GlobalSection(ProjectConfigurationPlatforms) = postSolution
		{F243C2FE-BE15-4EEE-B820-40B9FA47751F}.Debug|Any CPU.ActiveCfg = Debug|Any CPU
		{F243C2FE-BE15-4EEE-B820-40B9FA47751F}.Debug|Any CPU.Build.0 = Debug|Any CPU
		{F243C2FE-BE15-4EEE-B820-40B9FA47751F}.Release|Any CPU.ActiveCfg = Release|Any CPU
		{F243C2FE-BE15-4EEE-B820-40B9FA47751F}.Release|Any CPU.Build.0 = Release|Any CPU
	EndGlobalSection
	GlobalSection(SolutionProperties) = preSolution
		HideSolutionNode = FALSE
	EndGlobalSection
	GlobalSection(ExtensibilityGlobals) = postSolution
		SolutionGuid = {73FB1F0C-0E47-4800-A328-2991FF7F7092}
	EndGlobalSection
EndGlobal
